{
    "version": 3,
    "terraform_version": "0.11.8",
    "serial": 4,
    "lineage": "72c8c073-0aa4-6ff4-dcd4-0e2ef6ddc43e",
    "modules": [
        {
            "path": [
                "root"
            ],
            "outputs": {
                "stoodi": {
                    "sensitive": false,
                    "type": "string",
                    "value": "52.73.191.50"
                }
            },
            "resources": {
                "aws_instance.stoodi": {
                    "type": "aws_instance",
                    "depends_on": [
                        "aws_key_pair.default",
                        "aws_security_group.default"
                    ],
                    "primary": {
                        "id": "i-015405c91e8147c22",
                        "attributes": {
                            "ami": "ami-0de53d8956e8dcf80",
                            "arn": "arn:aws:ec2:us-east-1:842984071457:instance/i-015405c91e8147c22",
                            "associate_public_ip_address": "true",
                            "availability_zone": "us-east-1d",
                            "cpu_core_count": "1",
                            "cpu_threads_per_core": "2",
                            "credit_specification.#": "1",
                            "credit_specification.0.cpu_credits": "unlimited",
                            "disable_api_termination": "false",
                            "ebs_block_device.#": "0",
                            "ebs_optimized": "false",
                            "ephemeral_block_device.#": "0",
                            "get_password_data": "false",
                            "iam_instance_profile": "",
                            "id": "i-015405c91e8147c22",
                            "instance_state": "running",
                            "instance_type": "t3.micro",
                            "ipv6_address_count": "0",
                            "ipv6_addresses.#": "0",
                            "key_name": "stoodi",
                            "monitoring": "false",
                            "network_interface.#": "0",
                            "password_data": "",
                            "placement_group": "",
                            "primary_network_interface_id": "eni-0198eba535457f9b3",
                            "private_dns": "ip-172-31-25-116.ec2.internal",
                            "private_ip": "172.31.25.116",
                            "public_dns": "ec2-52-73-191-50.compute-1.amazonaws.com",
                            "public_ip": "52.73.191.50",
                            "root_block_device.#": "1",
                            "root_block_device.0.delete_on_termination": "true",
                            "root_block_device.0.iops": "100",
                            "root_block_device.0.volume_id": "vol-013bfc5a558ad2759",
                            "root_block_device.0.volume_size": "8",
                            "root_block_device.0.volume_type": "gp2",
                            "security_groups.#": "1",
                            "security_groups.1978086825": "yes",
                            "source_dest_check": "true",
                            "subnet_id": "subnet-2286866a",
                            "tags.%": "1",
                            "tags.Name": "stoodi",
                            "tenancy": "default",
                            "volume_tags.%": "0",
                            "vpc_security_group_ids.#": "1",
                            "vpc_security_group_ids.4120163558": "sg-09800a08fb6009680"
                        },
                        "meta": {
                            "e2bfb730-ecaa-11e6-8f88-34363bc7c4c0": {
                                "create": 600000000000,
                                "delete": 1200000000000,
                                "update": 600000000000
                            },
                            "schema_version": "1"
                        },
                        "tainted": false
                    },
                    "deposed": [],
                    "provider": "provider.aws"
                },
                "aws_key_pair.default": {
                    "type": "aws_key_pair",
                    "depends_on": [],
                    "primary": {
                        "id": "stoodi",
                        "attributes": {
                            "fingerprint": "2f:95:81:35:5d:27:98:88:8a:e1:89:e7:31:7d:b1:bd",
                            "id": "stoodi",
                            "key_name": "stoodi",
                            "public_key": "ssh-rsa AAAAB3NzaC1yc2EAAAADAQABAAABAQDMyHtaH+dzGYW0Ny9KNEjvrK5J+FiH0yUP1D/sbXMsv38JMl+46OR6QlNEutqcoV7gLjNoAA5UkSFHOMO4Qe+xsphGoC1XKKVex8+umN0RGBQU+1H9u+wvXsTmeqw37wBpB7kK983VsBZieMdlhRbrxb2g9McvkBf5/Vey79u70zlF4uiOWBeS3wRu9rdQ7/c7s2ogrSCI2kZHwsq5FNNrTzVtLHeFk40kGdVhCx2eamlIfTUvOhBcW1p0dyPdF2yqfNYZR4i7PRuh6CMRU5lUDZTypA8Zd0OgN04MN+oRxrdjgkZ5x8vAgFksAZkqJuLy/0GPbrBb5EIGE874zUBz alyson@alyson-bemobi"
                        },
                        "meta": {
                            "schema_version": "1"
                        },
                        "tainted": false
                    },
                    "deposed": [],
                    "provider": "provider.aws"
                },
                "aws_security_group.default": {
                    "type": "aws_security_group",
                    "depends_on": [],
                    "primary": {
                        "id": "sg-09800a08fb6009680",
                        "attributes": {
                            "arn": "arn:aws:ec2:us-east-1:842984071457:security-group/sg-09800a08fb6009680",
                            "description": "Managed by Terraform",
                            "egress.#": "1",
                            "egress.482069346.cidr_blocks.#": "1",
                            "egress.482069346.cidr_blocks.0": "0.0.0.0/0",
                            "egress.482069346.description": "",
                            "egress.482069346.from_port": "0",
                            "egress.482069346.ipv6_cidr_blocks.#": "0",
                            "egress.482069346.prefix_list_ids.#": "0",
                            "egress.482069346.protocol": "-1",
                            "egress.482069346.security_groups.#": "0",
                            "egress.482069346.self": "false",
                            "egress.482069346.to_port": "0",
                            "id": "sg-09800a08fb6009680",
                            "ingress.#": "2",
                            "ingress.1403647648.cidr_blocks.#": "1",
                            "ingress.1403647648.cidr_blocks.0": "0.0.0.0/0",
                            "ingress.1403647648.description": "",
                            "ingress.1403647648.from_port": "0",
                            "ingress.1403647648.ipv6_cidr_blocks.#": "0",
                            "ingress.1403647648.prefix_list_ids.#": "0",
                            "ingress.1403647648.protocol": "tcp",
                            "ingress.1403647648.security_groups.#": "0",
                            "ingress.1403647648.self": "false",
                            "ingress.1403647648.to_port": "65535",
                            "ingress.1799340084.cidr_blocks.#": "1",
                            "ingress.1799340084.cidr_blocks.0": "0.0.0.0/0",
                            "ingress.1799340084.description": "",
                            "ingress.1799340084.from_port": "-1",
                            "ingress.1799340084.ipv6_cidr_blocks.#": "0",
                            "ingress.1799340084.prefix_list_ids.#": "0",
                            "ingress.1799340084.protocol": "icmp",
                            "ingress.1799340084.security_groups.#": "0",
                            "ingress.1799340084.self": "false",
                            "ingress.1799340084.to_port": "-1",
                            "name": "yes",
                            "owner_id": "842984071457",
                            "revoke_rules_on_delete": "false",
                            "tags.%": "0",
                            "vpc_id": "vpc-37e4be4e"
                        },
                        "meta": {
                            "e2bfb730-ecaa-11e6-8f88-34363bc7c4c0": {
                                "create": 600000000000,
                                "delete": 600000000000
                            },
                            "schema_version": "1"
                        },
                        "tainted": false
                    },
                    "deposed": [],
                    "provider": "provider.aws"
                }
            },
            "depends_on": []
        }
    ]
}
